
Microsoft Visual Studio Solution File, Format Version 12.00
# Visual Studio Version 17
VisualStudioVersion = 17.13.35818.85 d17.13
MinimumVisualStudioVersion = 10.0.40219.1
Project("{FAE04EC0-301F-11D3-BF4B-00C04F79EFBC}") = "LB1.4", "LB1.4.csproj", "{3512A8BE-1303-403E-9C9D-E7782E6F8DDB}"
EndProject
Global
	GlobalSection(SolutionConfigurationPlatforms) = preSolution
		Debug|Any CPU = Debug|Any CPU
		Release|Any CPU = Release|Any CPU
	EndGlobalSection
	GlobalSection(ProjectConfigurationPlatforms) = postSolution
		{3512A8BE-1303-403E-9C9D-E7782E6F8DDB}.Debug|Any CPU.ActiveCfg = Debug|Any CPU
		{3512A8BE-1303-403E-9C9D-E7782E6F8DDB}.Debug|Any CPU.Build.0 = Debug|Any CPU
		{3512A8BE-1303-403E-9C9D-E7782E6F8DDB}.Release|Any CPU.ActiveCfg = Release|Any CPU
		{3512A8BE-1303-403E-9C9D-E7782E6F8DDB}.Release|Any CPU.Build.0 = Release|Any CPU
	EndGlobalSection
	GlobalSection(SolutionProperties) = preSolution
		HideSolutionNode = FALSE
	EndGlobalSection
	GlobalSection(ExtensibilityGlobals) = postSolution
		SolutionGuid = {ECA818FB-CA16-4689-9A9B-6258903A8B21}
	EndGlobalSection
EndGlobal
